
Microsoft Visual Studio Solution File, Format Version 12.00
# Visual Studio 2013
VisualStudioVersion = 12.0.31101.0
MinimumVisualStudioVersion = 10.0.40219.1
Project("{FAE04EC0-301F-11D3-BF4B-00C04F79EFBC}") = "Quilt4.Web", "Quilt4.Web\Quilt4.Web.csproj", "{2D862BDC-5DEE-4562-9D6C-3DC414E988FC}"
EndProject
Project("{FAE04EC0-301F-11D3-BF4B-00C04F79EFBC}") = "Quilt4.Web.Tests", "Quilt4.Web.Tests\Quilt4.Web.Tests.csproj", "{478A9B06-4726-4122-89D7-D840A0731947}"
EndProject
Project("{2150E333-8FDC-42A3-9474-1A3956D46DE8}") = ".nuget", ".nuget", "{D48469D0-FD27-4BE6-B3E9-01DFC626B3C2}"
	ProjectSection(SolutionItems) = preProject
		.nuget\NuGet.Config = .nuget\NuGet.Config
		.nuget\NuGet.exe = .nuget\NuGet.exe
		.nuget\NuGet.targets = .nuget\NuGet.targets
	EndProjectSection
EndProject
Project("{2150E333-8FDC-42A3-9474-1A3956D46DE8}") = "Build", "Build", "{3D4916D0-E7EA-475F-BB5E-B98FE2B51021}"
	ProjectSection(SolutionItems) = preProject
		Build\AssemblyVersionInfo.cs = Build\AssemblyVersionInfo.cs
		Build\build.tasks = Build\build.tasks
		Build\CI.msbuild = Build\CI.msbuild
		Build\Release.msbuild = Build\Release.msbuild
	EndProjectSection
EndProject
Project("{2150E333-8FDC-42A3-9474-1A3956D46DE8}") = "Repository", "Repository", "{57E438BA-04AE-4752-9CAB-B503552F6F73}"
EndProject
Project("{FAE04EC0-301F-11D3-BF4B-00C04F79EFBC}") = "Quilt4.Interface", "Quilt4.Interface\Quilt4.Interface.csproj", "{8B34B62E-DA87-42EE-A727-50DBA06F07E7}"
EndProject
Project("{FAE04EC0-301F-11D3-BF4B-00C04F79EFBC}") = "Quilt4.SQLRepository", "Quilt4.SQLRepository\Quilt4.SQLRepository.csproj", "{E59A9ECF-EF1A-4864-9483-3C9414FEAFBF}"
EndProject
Project("{FAE04EC0-301F-11D3-BF4B-00C04F79EFBC}") = "Quilt4.MongoDBRepository", "Quilt4.MongoDBRepository\Quilt4.MongoDBRepository.csproj", "{8EB22E5D-F1D6-45F4-990D-5B23E2585FCF}"
EndProject
Project("{FAE04EC0-301F-11D3-BF4B-00C04F79EFBC}") = "Quilt4.BusinessEntities", "Quilt4.BusinessEntities\Quilt4.BusinessEntities.csproj", "{EB65AFAB-C755-4FD8-8314-1EF60B30AA8E}"
EndProject
Project("{FAE04EC0-301F-11D3-BF4B-00C04F79EFBC}") = "Quilt4.Sample.Console", "Quilt4.Sample.Console\Quilt4.Sample.Console.csproj", "{6E4E8D34-8388-41ED-AE3F-64C39DC7B7ED}"
EndProject
Global
	GlobalSection(SolutionConfigurationPlatforms) = preSolution
		CI|Any CPU = CI|Any CPU
		Debug|Any CPU = Debug|Any CPU
		Release|Any CPU = Release|Any CPU
	EndGlobalSection
	GlobalSection(ProjectConfigurationPlatforms) = postSolution
		{2D862BDC-5DEE-4562-9D6C-3DC414E988FC}.CI|Any CPU.ActiveCfg = CI|Any CPU
		{2D862BDC-5DEE-4562-9D6C-3DC414E988FC}.CI|Any CPU.Build.0 = CI|Any CPU
		{2D862BDC-5DEE-4562-9D6C-3DC414E988FC}.Debug|Any CPU.ActiveCfg = Debug|Any CPU
		{2D862BDC-5DEE-4562-9D6C-3DC414E988FC}.Debug|Any CPU.Build.0 = Debug|Any CPU
		{2D862BDC-5DEE-4562-9D6C-3DC414E988FC}.Release|Any CPU.ActiveCfg = Release|Any CPU
		{2D862BDC-5DEE-4562-9D6C-3DC414E988FC}.Release|Any CPU.Build.0 = Release|Any CPU
		{478A9B06-4726-4122-89D7-D840A0731947}.CI|Any CPU.ActiveCfg = CI|Any CPU
		{478A9B06-4726-4122-89D7-D840A0731947}.CI|Any CPU.Build.0 = CI|Any CPU
		{478A9B06-4726-4122-89D7-D840A0731947}.Debug|Any CPU.ActiveCfg = Debug|Any CPU
		{478A9B06-4726-4122-89D7-D840A0731947}.Debug|Any CPU.Build.0 = Debug|Any CPU
		{478A9B06-4726-4122-89D7-D840A0731947}.Release|Any CPU.ActiveCfg = Release|Any CPU
		{478A9B06-4726-4122-89D7-D840A0731947}.Release|Any CPU.Build.0 = Release|Any CPU
		{8B34B62E-DA87-42EE-A727-50DBA06F07E7}.CI|Any CPU.ActiveCfg = Release|Any CPU
		{8B34B62E-DA87-42EE-A727-50DBA06F07E7}.CI|Any CPU.Build.0 = Release|Any CPU
		{8B34B62E-DA87-42EE-A727-50DBA06F07E7}.Debug|Any CPU.ActiveCfg = Debug|Any CPU
		{8B34B62E-DA87-42EE-A727-50DBA06F07E7}.Debug|Any CPU.Build.0 = Debug|Any CPU
		{8B34B62E-DA87-42EE-A727-50DBA06F07E7}.Release|Any CPU.ActiveCfg = Release|Any CPU
		{8B34B62E-DA87-42EE-A727-50DBA06F07E7}.Release|Any CPU.Build.0 = Release|Any CPU
		{E59A9ECF-EF1A-4864-9483-3C9414FEAFBF}.CI|Any CPU.ActiveCfg = Release|Any CPU
		{E59A9ECF-EF1A-4864-9483-3C9414FEAFBF}.CI|Any CPU.Build.0 = Release|Any CPU
		{E59A9ECF-EF1A-4864-9483-3C9414FEAFBF}.Debug|Any CPU.ActiveCfg = Debug|Any CPU
		{E59A9ECF-EF1A-4864-9483-3C9414FEAFBF}.Debug|Any CPU.Build.0 = Debug|Any CPU
		{E59A9ECF-EF1A-4864-9483-3C9414FEAFBF}.Release|Any CPU.ActiveCfg = Release|Any CPU
		{E59A9ECF-EF1A-4864-9483-3C9414FEAFBF}.Release|Any CPU.Build.0 = Release|Any CPU
		{8EB22E5D-F1D6-45F4-990D-5B23E2585FCF}.CI|Any CPU.ActiveCfg = Release|Any CPU
		{8EB22E5D-F1D6-45F4-990D-5B23E2585FCF}.CI|Any CPU.Build.0 = Release|Any CPU
		{8EB22E5D-F1D6-45F4-990D-5B23E2585FCF}.Debug|Any CPU.ActiveCfg = Debug|Any CPU
		{8EB22E5D-F1D6-45F4-990D-5B23E2585FCF}.Debug|Any CPU.Build.0 = Debug|Any CPU
		{8EB22E5D-F1D6-45F4-990D-5B23E2585FCF}.Release|Any CPU.ActiveCfg = Release|Any CPU
		{8EB22E5D-F1D6-45F4-990D-5B23E2585FCF}.Release|Any CPU.Build.0 = Release|Any CPU
		{EB65AFAB-C755-4FD8-8314-1EF60B30AA8E}.CI|Any CPU.ActiveCfg = Release|Any CPU
		{EB65AFAB-C755-4FD8-8314-1EF60B30AA8E}.CI|Any CPU.Build.0 = Release|Any CPU
		{EB65AFAB-C755-4FD8-8314-1EF60B30AA8E}.Debug|Any CPU.ActiveCfg = Debug|Any CPU
		{EB65AFAB-C755-4FD8-8314-1EF60B30AA8E}.Debug|Any CPU.Build.0 = Debug|Any CPU
		{EB65AFAB-C755-4FD8-8314-1EF60B30AA8E}.Release|Any CPU.ActiveCfg = Release|Any CPU
		{EB65AFAB-C755-4FD8-8314-1EF60B30AA8E}.Release|Any CPU.Build.0 = Release|Any CPU
		{6E4E8D34-8388-41ED-AE3F-64C39DC7B7ED}.CI|Any CPU.ActiveCfg = Release|Any CPU
		{6E4E8D34-8388-41ED-AE3F-64C39DC7B7ED}.CI|Any CPU.Build.0 = Release|Any CPU
		{6E4E8D34-8388-41ED-AE3F-64C39DC7B7ED}.Debug|Any CPU.ActiveCfg = Debug|Any CPU
		{6E4E8D34-8388-41ED-AE3F-64C39DC7B7ED}.Debug|Any CPU.Build.0 = Debug|Any CPU
		{6E4E8D34-8388-41ED-AE3F-64C39DC7B7ED}.Release|Any CPU.ActiveCfg = Release|Any CPU
		{6E4E8D34-8388-41ED-AE3F-64C39DC7B7ED}.Release|Any CPU.Build.0 = Release|Any CPU
	EndGlobalSection
	GlobalSection(SolutionProperties) = preSolution
		HideSolutionNode = FALSE
	EndGlobalSection
	GlobalSection(NestedProjects) = preSolution
		{E59A9ECF-EF1A-4864-9483-3C9414FEAFBF} = {57E438BA-04AE-4752-9CAB-B503552F6F73}
		{8EB22E5D-F1D6-45F4-990D-5B23E2585FCF} = {57E438BA-04AE-4752-9CAB-B503552F6F73}
	EndGlobalSection
EndGlobal
